{
    "name": "@epfml/discojs-core",
    "lockfileVersion": 2,
    "requires": true,
    "packages": {
        "": {
            "name": "@epfml/discojs-core",
            "dependencies": {
                "geolocation": "^0.2.0"
            }
        },
        "node_modules/debug": {
            "version": "0.7.4",
            "resolved": "https://registry.npmjs.org/debug/-/debug-0.7.4.tgz",
            "integrity": "sha512-EohAb3+DSHSGx8carOSKJe8G0ayV5/i609OD0J2orCkuyae7SyZSz2aoLmQF2s0Pj5gITDebwPH7GFBlqOUQ1Q==",
            "engines": {
                "node": "*"
            }
        },
        "node_modules/geolocation": {
            "version": "0.2.0",
            "resolved": "https://registry.npmjs.org/geolocation/-/geolocation-0.2.0.tgz",
            "integrity": "sha512-wINxTj4MAcepaump9jPMzf1lH6VDTQw/TPfde+ha4W9HDyg2Ckd7l50FxMrQS1kubDDj2m+gq50x0nJlsP8jUQ==",
            "dependencies": {
                "debug": "~0.7.2",
                "inherits": "~2.0.0"
            }
        },
        "node_modules/inherits": {
            "version": "2.0.4",
            "resolved": "https://registry.npmjs.org/inherits/-/inherits-2.0.4.tgz",
            "integrity": "sha512-k/vGaX4/Yla3WzyMCvTQOXYeIHvqOKtnqBduzTHpzpQZzAskKMhZ2K+EnBiSM9zGSoIFeMpXKxa4dYeZIQqewQ=="
        }
    },
    "dependencies": {
        "debug": {
            "version": "0.7.4",
            "resolved": "https://registry.npmjs.org/debug/-/debug-0.7.4.tgz",
            "integrity": "sha512-EohAb3+DSHSGx8carOSKJe8G0ayV5/i609OD0J2orCkuyae7SyZSz2aoLmQF2s0Pj5gITDebwPH7GFBlqOUQ1Q=="
        },
        "geolocation": {
            "version": "0.2.0",
            "resolved": "https://registry.npmjs.org/geolocation/-/geolocation-0.2.0.tgz",
            "integrity": "sha512-wINxTj4MAcepaump9jPMzf1lH6VDTQw/TPfde+ha4W9HDyg2Ckd7l50FxMrQS1kubDDj2m+gq50x0nJlsP8jUQ==",
            "requires": {
                "debug": "~0.7.2",
                "inherits": "~2.0.0"
            }
        },
        "inherits": {
            "version": "2.0.4",
            "resolved": "https://registry.npmjs.org/inherits/-/inherits-2.0.4.tgz",
            "integrity": "sha512-k/vGaX4/Yla3WzyMCvTQOXYeIHvqOKtnqBduzTHpzpQZzAskKMhZ2K+EnBiSM9zGSoIFeMpXKxa4dYeZIQqewQ=="
        }
    }
}
