{
  "name": "@epfml/disco-web-example",
  "lockfileVersion": 2,
  "requires": true,
  "packages": {
    "": {
      "name": "@epfml/disco-web-example",
      "license": "ISC",
      "dependencies": {
        "@epfml/discojs": "file:../../discojs/discojs-web"
      }
    },
    "../../discojs/discojs-web": {
      "version": "1.0.0"
    },
    "node_modules/@epfml/discojs": {
      "resolved": "../../discojs/discojs-web",
      "link": true
    }
  },
  "dependencies": {
    "@epfml/discojs": {
      "version": "file:../../discojs/discojs-web"
    }
  }
}
